
Microsoft Visual Studio Solution File, Format Version 12.00
# Visual Studio Version 17
VisualStudioVersion = 17.10.35122.118
MinimumVisualStudioVersion = 10.0.40219.1
Project("{FAE04EC0-301F-11D3-BF4B-00C04F79EFBC}") = "NET_DB", "NET_DB\NET_DB.csproj", "{D4E71934-D1DC-471B-8B21-0DD1C35A72C3}"
EndProject
Project("{FAE04EC0-301F-11D3-BF4B-00C04F79EFBC}") = "NET_DB.Tests", "NET_DB.Tests\NET_DB.Tests.csproj", "{437E7B7E-41B7-4B35-8CFF-04A7F630BF42}"
EndProject
Global
	GlobalSection(SolutionConfigurationPlatforms) = preSolution
		Debug|Any CPU = Debug|Any CPU
		Release|Any CPU = Release|Any CPU
	EndGlobalSection
	GlobalSection(ProjectConfigurationPlatforms) = postSolution
		{D4E71934-D1DC-471B-8B21-0DD1C35A72C3}.Debug|Any CPU.ActiveCfg = Debug|Any CPU
		{D4E71934-D1DC-471B-8B21-0DD1C35A72C3}.Debug|Any CPU.Build.0 = Debug|Any CPU
		{D4E71934-D1DC-471B-8B21-0DD1C35A72C3}.Release|Any CPU.ActiveCfg = Release|Any CPU
		{D4E71934-D1DC-471B-8B21-0DD1C35A72C3}.Release|Any CPU.Build.0 = Release|Any CPU
		{437E7B7E-41B7-4B35-8CFF-04A7F630BF42}.Debug|Any CPU.ActiveCfg = Debug|Any CPU
		{437E7B7E-41B7-4B35-8CFF-04A7F630BF42}.Debug|Any CPU.Build.0 = Debug|Any CPU
		{437E7B7E-41B7-4B35-8CFF-04A7F630BF42}.Release|Any CPU.ActiveCfg = Release|Any CPU
		{437E7B7E-41B7-4B35-8CFF-04A7F630BF42}.Release|Any CPU.Build.0 = Release|Any CPU
	EndGlobalSection
	GlobalSection(SolutionProperties) = preSolution
		HideSolutionNode = FALSE
	EndGlobalSection
	GlobalSection(ExtensibilityGlobals) = postSolution
		SolutionGuid = {A1371F13-900E-4A44-B067-F77F3C5EBCB7}
	EndGlobalSection
EndGlobal
